
Microsoft Visual Studio Solution File, Format Version 12.00
# Visual Studio 2012
Project("{FAE04EC0-301F-11D3-BF4B-00C04F79EFBC}") = "PianoDash2", "PianoDash2\PianoDash2.csproj", "{F43E8E43-FC3F-48CE-AD2B-35480DC7B804}"
EndProject
Global
	GlobalSection(SolutionConfigurationPlatforms) = preSolution
		Debug|ARM = Debug|ARM
		Debug|x86 = Debug|x86
		Master|ARM = Master|ARM
		Master|x86 = Master|x86
		Release|ARM = Release|ARM
		Release|x86 = Release|x86
	EndGlobalSection
	GlobalSection(ProjectConfigurationPlatforms) = postSolution
		{F43E8E43-FC3F-48CE-AD2B-35480DC7B804}.Debug|ARM.ActiveCfg = Debug|ARM
		{F43E8E43-FC3F-48CE-AD2B-35480DC7B804}.Debug|ARM.Build.0 = Debug|ARM
		{F43E8E43-FC3F-48CE-AD2B-35480DC7B804}.Debug|ARM.Deploy.0 = Debug|ARM
		{F43E8E43-FC3F-48CE-AD2B-35480DC7B804}.Debug|x86.ActiveCfg = Debug|x86
		{F43E8E43-FC3F-48CE-AD2B-35480DC7B804}.Debug|x86.Build.0 = Debug|x86
		{F43E8E43-FC3F-48CE-AD2B-35480DC7B804}.Debug|x86.Deploy.0 = Debug|x86
		{F43E8E43-FC3F-48CE-AD2B-35480DC7B804}.Master|ARM.ActiveCfg = Master|ARM
		{F43E8E43-FC3F-48CE-AD2B-35480DC7B804}.Master|ARM.Build.0 = Master|ARM
		{F43E8E43-FC3F-48CE-AD2B-35480DC7B804}.Master|ARM.Deploy.0 = Master|ARM
		{F43E8E43-FC3F-48CE-AD2B-35480DC7B804}.Master|x86.ActiveCfg = Master|x86
		{F43E8E43-FC3F-48CE-AD2B-35480DC7B804}.Master|x86.Build.0 = Master|x86
		{F43E8E43-FC3F-48CE-AD2B-35480DC7B804}.Master|x86.Deploy.0 = Master|x86
		{F43E8E43-FC3F-48CE-AD2B-35480DC7B804}.Release|ARM.ActiveCfg = Release|ARM
		{F43E8E43-FC3F-48CE-AD2B-35480DC7B804}.Release|ARM.Build.0 = Release|ARM
		{F43E8E43-FC3F-48CE-AD2B-35480DC7B804}.Release|ARM.Deploy.0 = Release|ARM
		{F43E8E43-FC3F-48CE-AD2B-35480DC7B804}.Release|x86.ActiveCfg = Release|x86
		{F43E8E43-FC3F-48CE-AD2B-35480DC7B804}.Release|x86.Build.0 = Release|x86
		{F43E8E43-FC3F-48CE-AD2B-35480DC7B804}.Release|x86.Deploy.0 = Release|x86
	EndGlobalSection
	GlobalSection(SolutionProperties) = preSolution
		HideSolutionNode = FALSE
	EndGlobalSection
EndGlobal
