
Microsoft Visual Studio Solution File, Format Version 12.00
# Visual Studio 2015
Project("{FAE04EC0-301F-11D3-BF4B-00C04F79EFBC}") = "dea-th-ra-cing-crash-pixel.CSharp.Plugins", "dea-th-ra-cing-crash-pixel.CSharp.Plugins.csproj", "{EB5396E4-9F30-C8DF-261B-C9FB7037CBF6}"
EndProject
Project("{FAE04EC0-301F-11D3-BF4B-00C04F79EFBC}") = "dea-th-ra-cing-crash-pixel.CSharp", "dea-th-ra-cing-crash-pixel.CSharp.csproj", "{4ED3F258-F361-850E-6EA3-3A3C11D9D218}"
EndProject
Global
	GlobalSection(SolutionConfigurationPlatforms) = preSolution
		Debug|Any CPU = Debug|Any CPU
		Release|Any CPU = Release|Any CPU
	EndGlobalSection
	GlobalSection(ProjectConfigurationPlatforms) = postSolution
		{EB5396E4-9F30-C8DF-261B-C9FB7037CBF6}.Debug|Any CPU.ActiveCfg = Debug|Any CPU
		{EB5396E4-9F30-C8DF-261B-C9FB7037CBF6}.Debug|Any CPU.Build.0 = Debug|Any CPU
		{EB5396E4-9F30-C8DF-261B-C9FB7037CBF6}.Release|Any CPU.ActiveCfg = Release|Any CPU
		{EB5396E4-9F30-C8DF-261B-C9FB7037CBF6}.Release|Any CPU.Build.0 = Release|Any CPU
		{4ED3F258-F361-850E-6EA3-3A3C11D9D218}.Debug|Any CPU.ActiveCfg = Debug|Any CPU
		{4ED3F258-F361-850E-6EA3-3A3C11D9D218}.Debug|Any CPU.Build.0 = Debug|Any CPU
		{4ED3F258-F361-850E-6EA3-3A3C11D9D218}.Release|Any CPU.ActiveCfg = Release|Any CPU
		{4ED3F258-F361-850E-6EA3-3A3C11D9D218}.Release|Any CPU.Build.0 = Release|Any CPU
	EndGlobalSection
	GlobalSection(SolutionProperties) = preSolution
		HideSolutionNode = FALSE
	EndGlobalSection
EndGlobal
