
Microsoft Visual Studio Solution File, Format Version 12.00
# Visual Studio 2012
Project("{FAE04EC0-301F-11D3-BF4B-00C04F79EFBC}") = "ImAdViewFromXAML", "ImAdViewFromXAML\ImAdViewFromXAML.csproj", "{742E7BBF-7B25-4F2B-A4F4-DC5C04417C20}"
EndProject
Project("{FAE04EC0-301F-11D3-BF4B-00C04F79EFBC}") = "ImAdViewFromCode", "ImAdViewFromCode\ImAdViewFromCode.csproj", "{A5552FFB-D8D3-426C-839C-3F0286FFC015}"
EndProject
Global
	GlobalSection(SolutionConfigurationPlatforms) = preSolution
		Debug|Any CPU = Debug|Any CPU
		Debug|ARM = Debug|ARM
		Debug|x86 = Debug|x86
		Release|Any CPU = Release|Any CPU
		Release|ARM = Release|ARM
		Release|x86 = Release|x86
	EndGlobalSection
	GlobalSection(ProjectConfigurationPlatforms) = postSolution
		{742E7BBF-7B25-4F2B-A4F4-DC5C04417C20}.Debug|Any CPU.ActiveCfg = Debug|Any CPU
		{742E7BBF-7B25-4F2B-A4F4-DC5C04417C20}.Debug|Any CPU.Build.0 = Debug|Any CPU
		{742E7BBF-7B25-4F2B-A4F4-DC5C04417C20}.Debug|Any CPU.Deploy.0 = Debug|Any CPU
		{742E7BBF-7B25-4F2B-A4F4-DC5C04417C20}.Debug|ARM.ActiveCfg = Debug|ARM
		{742E7BBF-7B25-4F2B-A4F4-DC5C04417C20}.Debug|ARM.Build.0 = Debug|ARM
		{742E7BBF-7B25-4F2B-A4F4-DC5C04417C20}.Debug|ARM.Deploy.0 = Debug|ARM
		{742E7BBF-7B25-4F2B-A4F4-DC5C04417C20}.Debug|x86.ActiveCfg = Debug|x86
		{742E7BBF-7B25-4F2B-A4F4-DC5C04417C20}.Debug|x86.Build.0 = Debug|x86
		{742E7BBF-7B25-4F2B-A4F4-DC5C04417C20}.Debug|x86.Deploy.0 = Debug|x86
		{742E7BBF-7B25-4F2B-A4F4-DC5C04417C20}.Release|Any CPU.ActiveCfg = Release|Any CPU
		{742E7BBF-7B25-4F2B-A4F4-DC5C04417C20}.Release|Any CPU.Build.0 = Release|Any CPU
		{742E7BBF-7B25-4F2B-A4F4-DC5C04417C20}.Release|Any CPU.Deploy.0 = Release|Any CPU
		{742E7BBF-7B25-4F2B-A4F4-DC5C04417C20}.Release|ARM.ActiveCfg = Release|ARM
		{742E7BBF-7B25-4F2B-A4F4-DC5C04417C20}.Release|ARM.Build.0 = Release|ARM
		{742E7BBF-7B25-4F2B-A4F4-DC5C04417C20}.Release|ARM.Deploy.0 = Release|ARM
		{742E7BBF-7B25-4F2B-A4F4-DC5C04417C20}.Release|x86.ActiveCfg = Release|x86
		{742E7BBF-7B25-4F2B-A4F4-DC5C04417C20}.Release|x86.Build.0 = Release|x86
		{742E7BBF-7B25-4F2B-A4F4-DC5C04417C20}.Release|x86.Deploy.0 = Release|x86
		{A5552FFB-D8D3-426C-839C-3F0286FFC015}.Debug|Any CPU.ActiveCfg = Debug|Any CPU
		{A5552FFB-D8D3-426C-839C-3F0286FFC015}.Debug|Any CPU.Build.0 = Debug|Any CPU
		{A5552FFB-D8D3-426C-839C-3F0286FFC015}.Debug|Any CPU.Deploy.0 = Debug|Any CPU
		{A5552FFB-D8D3-426C-839C-3F0286FFC015}.Debug|ARM.ActiveCfg = Debug|ARM
		{A5552FFB-D8D3-426C-839C-3F0286FFC015}.Debug|ARM.Build.0 = Debug|ARM
		{A5552FFB-D8D3-426C-839C-3F0286FFC015}.Debug|ARM.Deploy.0 = Debug|ARM
		{A5552FFB-D8D3-426C-839C-3F0286FFC015}.Debug|x86.ActiveCfg = Debug|x86
		{A5552FFB-D8D3-426C-839C-3F0286FFC015}.Debug|x86.Build.0 = Debug|x86
		{A5552FFB-D8D3-426C-839C-3F0286FFC015}.Debug|x86.Deploy.0 = Debug|x86
		{A5552FFB-D8D3-426C-839C-3F0286FFC015}.Release|Any CPU.ActiveCfg = Release|Any CPU
		{A5552FFB-D8D3-426C-839C-3F0286FFC015}.Release|Any CPU.Build.0 = Release|Any CPU
		{A5552FFB-D8D3-426C-839C-3F0286FFC015}.Release|Any CPU.Deploy.0 = Release|Any CPU
		{A5552FFB-D8D3-426C-839C-3F0286FFC015}.Release|ARM.ActiveCfg = Release|ARM
		{A5552FFB-D8D3-426C-839C-3F0286FFC015}.Release|ARM.Build.0 = Release|ARM
		{A5552FFB-D8D3-426C-839C-3F0286FFC015}.Release|ARM.Deploy.0 = Release|ARM
		{A5552FFB-D8D3-426C-839C-3F0286FFC015}.Release|x86.ActiveCfg = Release|x86
		{A5552FFB-D8D3-426C-839C-3F0286FFC015}.Release|x86.Build.0 = Release|x86
		{A5552FFB-D8D3-426C-839C-3F0286FFC015}.Release|x86.Deploy.0 = Release|x86
	EndGlobalSection
	GlobalSection(SolutionProperties) = preSolution
		HideSolutionNode = FALSE
	EndGlobalSection
EndGlobal
